# This file is automatically @generated by Cargo.
# It is not intended for manual editing.
version = 3

[[package]]
name = "bitflags"
version = "1.3.2"
source = "registry+https://github.com/rust-lang/crates.io-index"
checksum = "bef38d45163c2f1dde094a7dfd33ccf595c92905c8f8f4fdc18d06fb1037718a"

[[package]]
name = "cc"
version = "1.0.73"
source = "registry+https://github.com/rust-lang/crates.io-index"
checksum = "2fff2a6927b3bb87f9595d67196a70493f627687a71d87a0d692242c33f58c11"

[[package]]
name = "pcsc"
version = "2.7.0"
source = "registry+https://github.com/rust-lang/crates.io-index"
checksum = "7e29e4de78a433aeecd06fb5bd55a0f9fde11dc85a14c22d482972c7edc4fdc4"
dependencies = [
 "bitflags",
 "pcsc-sys",
]

[[package]]
name = "pcsc-sys"
version = "1.2.0"
source = "registry+https://github.com/rust-lang/crates.io-index"
checksum = "e1b7bfecba2c0f1b5efb0e7caf7533ab1c295024165bcbb066231f60d33e23ea"
dependencies = [
 "pkg-config",
]

[[package]]
name = "phonon-client-rust"
version = "0.1.0"
dependencies = [
 "pcsc",
 "secp256k1",
]

[[package]]
name = "pkg-config"
version = "0.3.25"
source = "registry+https://github.com/rust-lang/crates.io-index"
checksum = "1df8c4ec4b0627e53bdf214615ad287367e482558cf84b109250b37464dc03ae"

[[package]]
name = "secp256k1"
version = "0.24.0"
source = "registry+https://github.com/rust-lang/crates.io-index"
checksum = "b7649a0b3ffb32636e60c7ce0d70511eda9c52c658cd0634e194d5a19943aeff"
dependencies = [
 "secp256k1-sys",
]

[[package]]
name = "secp256k1-sys"
version = "0.6.1"
source = "registry+https://github.com/rust-lang/crates.io-index"
checksum = "83080e2c2fc1006e625be82e5d1eb6a43b7fd9578b617fcc55814daf286bba4b"
dependencies = [
 "cc",
]
